
Microsoft Visual Studio Solution File, Format Version 12.00
# Visual Studio Version 17
VisualStudioVersion = 17.0.31903.59
MinimumVisualStudioVersion = 10.0.40219.1
Project("{2150E333-8FDC-42A3-9474-1A3956D46DE8}") = "src", "src", "{827E0CD3-B72D-47B6-A68D-7590B98EB39B}"
EndProject
Project("{FAE04EC0-301F-11D3-BF4B-00C04F79EFBC}") = "CodeGraphMcp", "src\CodeGraphMcp\CodeGraphMcp.csproj", "{7A44F4A1-6435-4A41-ABE4-5998F80352BF}"
EndProject
Project("{FAE04EC0-301F-11D3-BF4B-00C04F79EFBC}") = "CodeGraphMcp.Core", "src\CodeGraphMcp.Core\CodeGraphMcp.Core.csproj", "{6FF099EE-75F4-4C49-8AAB-90E23D1F955F}"
EndProject
Project("{FAE04EC0-301F-11D3-BF4B-00C04F79EFBC}") = "CodeGraphMcp.Tests", "src\CodeGraphMcp.Tests\CodeGraphMcp.Tests.csproj", "{E4473912-5FDC-4D9C-9E34-6CEA481DA93E}"
EndProject
Global
	GlobalSection(SolutionConfigurationPlatforms) = preSolution
		Debug|Any CPU = Debug|Any CPU
		Debug|x64 = Debug|x64
		Debug|x86 = Debug|x86
		Release|Any CPU = Release|Any CPU
		Release|x64 = Release|x64
		Release|x86 = Release|x86
	EndGlobalSection
	GlobalSection(ProjectConfigurationPlatforms) = postSolution
		{7A44F4A1-6435-4A41-ABE4-5998F80352BF}.Debug|Any CPU.ActiveCfg = Debug|Any CPU
		{7A44F4A1-6435-4A41-ABE4-5998F80352BF}.Debug|Any CPU.Build.0 = Debug|Any CPU
		{7A44F4A1-6435-4A41-ABE4-5998F80352BF}.Debug|x64.ActiveCfg = Debug|Any CPU
		{7A44F4A1-6435-4A41-ABE4-5998F80352BF}.Debug|x64.Build.0 = Debug|Any CPU
		{7A44F4A1-6435-4A41-ABE4-5998F80352BF}.Debug|x86.ActiveCfg = Debug|Any CPU
		{7A44F4A1-6435-4A41-ABE4-5998F80352BF}.Debug|x86.Build.0 = Debug|Any CPU
		{7A44F4A1-6435-4A41-ABE4-5998F80352BF}.Release|Any CPU.ActiveCfg = Release|Any CPU
		{7A44F4A1-6435-4A41-ABE4-5998F80352BF}.Release|Any CPU.Build.0 = Release|Any CPU
		{7A44F4A1-6435-4A41-ABE4-5998F80352BF}.Release|x64.ActiveCfg = Release|Any CPU
		{7A44F4A1-6435-4A41-ABE4-5998F80352BF}.Release|x64.Build.0 = Release|Any CPU
		{7A44F4A1-6435-4A41-ABE4-5998F80352BF}.Release|x86.ActiveCfg = Release|Any CPU
		{7A44F4A1-6435-4A41-ABE4-5998F80352BF}.Release|x86.Build.0 = Release|Any CPU
		{6FF099EE-75F4-4C49-8AAB-90E23D1F955F}.Debug|Any CPU.ActiveCfg = Debug|Any CPU
		{6FF099EE-75F4-4C49-8AAB-90E23D1F955F}.Debug|Any CPU.Build.0 = Debug|Any CPU
		{6FF099EE-75F4-4C49-8AAB-90E23D1F955F}.Debug|x64.ActiveCfg = Debug|Any CPU
		{6FF099EE-75F4-4C49-8AAB-90E23D1F955F}.Debug|x64.Build.0 = Debug|Any CPU
		{6FF099EE-75F4-4C49-8AAB-90E23D1F955F}.Debug|x86.ActiveCfg = Debug|Any CPU
		{6FF099EE-75F4-4C49-8AAB-90E23D1F955F}.Debug|x86.Build.0 = Debug|Any CPU
		{6FF099EE-75F4-4C49-8AAB-90E23D1F955F}.Release|Any CPU.ActiveCfg = Release|Any CPU
		{6FF099EE-75F4-4C49-8AAB-90E23D1F955F}.Release|Any CPU.Build.0 = Release|Any CPU
		{6FF099EE-75F4-4C49-8AAB-90E23D1F955F}.Release|x64.ActiveCfg = Release|Any CPU
		{6FF099EE-75F4-4C49-8AAB-90E23D1F955F}.Release|x64.Build.0 = Release|Any CPU
		{6FF099EE-75F4-4C49-8AAB-90E23D1F955F}.Release|x86.ActiveCfg = Release|Any CPU
		{6FF099EE-75F4-4C49-8AAB-90E23D1F955F}.Release|x86.Build.0 = Release|Any CPU
		{E4473912-5FDC-4D9C-9E34-6CEA481DA93E}.Debug|Any CPU.ActiveCfg = Debug|Any CPU
		{E4473912-5FDC-4D9C-9E34-6CEA481DA93E}.Debug|Any CPU.Build.0 = Debug|Any CPU
		{E4473912-5FDC-4D9C-9E34-6CEA481DA93E}.Debug|x64.ActiveCfg = Debug|Any CPU
		{E4473912-5FDC-4D9C-9E34-6CEA481DA93E}.Debug|x64.Build.0 = Debug|Any CPU
		{E4473912-5FDC-4D9C-9E34-6CEA481DA93E}.Debug|x86.ActiveCfg = Debug|Any CPU
		{E4473912-5FDC-4D9C-9E34-6CEA481DA93E}.Debug|x86.Build.0 = Debug|Any CPU
		{E4473912-5FDC-4D9C-9E34-6CEA481DA93E}.Release|Any CPU.ActiveCfg = Release|Any CPU
		{E4473912-5FDC-4D9C-9E34-6CEA481DA93E}.Release|Any CPU.Build.0 = Release|Any CPU
		{E4473912-5FDC-4D9C-9E34-6CEA481DA93E}.Release|x64.ActiveCfg = Release|Any CPU
		{E4473912-5FDC-4D9C-9E34-6CEA481DA93E}.Release|x64.Build.0 = Release|Any CPU
		{E4473912-5FDC-4D9C-9E34-6CEA481DA93E}.Release|x86.ActiveCfg = Release|Any CPU
		{E4473912-5FDC-4D9C-9E34-6CEA481DA93E}.Release|x86.Build.0 = Release|Any CPU
	EndGlobalSection
	GlobalSection(SolutionProperties) = preSolution
		HideSolutionNode = FALSE
	EndGlobalSection
	GlobalSection(NestedProjects) = preSolution
		{7A44F4A1-6435-4A41-ABE4-5998F80352BF} = {827E0CD3-B72D-47B6-A68D-7590B98EB39B}
		{6FF099EE-75F4-4C49-8AAB-90E23D1F955F} = {827E0CD3-B72D-47B6-A68D-7590B98EB39B}
		{E4473912-5FDC-4D9C-9E34-6CEA481DA93E} = {827E0CD3-B72D-47B6-A68D-7590B98EB39B}
	EndGlobalSection
EndGlobal
